
Microsoft Visual Studio Solution File, Format Version 12.00
# Visual Studio Version 16
VisualStudioVersion = 16.0.31205.134
MinimumVisualStudioVersion = 10.0.40219.1
Project("{9A19103F-16F7-4668-BE54-9A1E7A4F7556}") = "CodeFirst", "CodeFirst\CodeFirst.csproj", "{816EC313-C56F-40C3-8D0B-94B6F99BA963}"
EndProject
Project("{FAE04EC0-301F-11D3-BF4B-00C04F79EFBC}") = "CodeFirstTest", "CodeFirstTest\CodeFirstTest.csproj", "{B2A17186-6E77-403F-93F9-F541284B9C72}"
EndProject
Global
	GlobalSection(SolutionConfigurationPlatforms) = preSolution
		Debug|Any CPU = Debug|Any CPU
		Release|Any CPU = Release|Any CPU
	EndGlobalSection
	GlobalSection(ProjectConfigurationPlatforms) = postSolution
		{816EC313-C56F-40C3-8D0B-94B6F99BA963}.Debug|Any CPU.ActiveCfg = Debug|Any CPU
		{816EC313-C56F-40C3-8D0B-94B6F99BA963}.Debug|Any CPU.Build.0 = Debug|Any CPU
		{816EC313-C56F-40C3-8D0B-94B6F99BA963}.Release|Any CPU.ActiveCfg = Release|Any CPU
		{816EC313-C56F-40C3-8D0B-94B6F99BA963}.Release|Any CPU.Build.0 = Release|Any CPU
		{B2A17186-6E77-403F-93F9-F541284B9C72}.Debug|Any CPU.ActiveCfg = Debug|Any CPU
		{B2A17186-6E77-403F-93F9-F541284B9C72}.Debug|Any CPU.Build.0 = Debug|Any CPU
		{B2A17186-6E77-403F-93F9-F541284B9C72}.Release|Any CPU.ActiveCfg = Release|Any CPU
		{B2A17186-6E77-403F-93F9-F541284B9C72}.Release|Any CPU.Build.0 = Release|Any CPU
	EndGlobalSection
	GlobalSection(SolutionProperties) = preSolution
		HideSolutionNode = FALSE
	EndGlobalSection
	GlobalSection(ExtensibilityGlobals) = postSolution
		SolutionGuid = {18CFA8E3-A10A-45D5-AD49-80C1B4D63E10}
	EndGlobalSection
EndGlobal
