
Microsoft Visual Studio Solution File, Format Version 12.00
# Visual Studio Version 16
VisualStudioVersion = 16.0.31313.79
MinimumVisualStudioVersion = 10.0.40219.1
Project("{FAE04EC0-301F-11D3-BF4B-00C04F79EFBC}") = "DMvc", "DMvc\DMvc.csproj", "{C202F6F7-78E6-450C-8730-35CC620B8F3E}"
EndProject
Project("{FAE04EC0-301F-11D3-BF4B-00C04F79EFBC}") = "DMvcTest", "DMvcTest\DMvcTest.csproj", "{67BAEF26-6FF6-4333-8570-E2BEAC7FBA95}"
EndProject
Global
	GlobalSection(SolutionConfigurationPlatforms) = preSolution
		Debug|Any CPU = Debug|Any CPU
		Release|Any CPU = Release|Any CPU
	EndGlobalSection
	GlobalSection(ProjectConfigurationPlatforms) = postSolution
		{C202F6F7-78E6-450C-8730-35CC620B8F3E}.Debug|Any CPU.ActiveCfg = Debug|Any CPU
		{C202F6F7-78E6-450C-8730-35CC620B8F3E}.Debug|Any CPU.Build.0 = Debug|Any CPU
		{C202F6F7-78E6-450C-8730-35CC620B8F3E}.Release|Any CPU.ActiveCfg = Release|Any CPU
		{C202F6F7-78E6-450C-8730-35CC620B8F3E}.Release|Any CPU.Build.0 = Release|Any CPU
		{67BAEF26-6FF6-4333-8570-E2BEAC7FBA95}.Debug|Any CPU.ActiveCfg = Debug|Any CPU
		{67BAEF26-6FF6-4333-8570-E2BEAC7FBA95}.Debug|Any CPU.Build.0 = Debug|Any CPU
		{67BAEF26-6FF6-4333-8570-E2BEAC7FBA95}.Release|Any CPU.ActiveCfg = Release|Any CPU
		{67BAEF26-6FF6-4333-8570-E2BEAC7FBA95}.Release|Any CPU.Build.0 = Release|Any CPU
	EndGlobalSection
	GlobalSection(SolutionProperties) = preSolution
		HideSolutionNode = FALSE
	EndGlobalSection
	GlobalSection(ExtensibilityGlobals) = postSolution
		SolutionGuid = {F422791E-6539-45DE-AACC-ACD82F6F1431}
	EndGlobalSection
EndGlobal
