
Microsoft Visual Studio Solution File, Format Version 12.00
# Visual Studio Version 16
VisualStudioVersion = 16.0.31313.79
MinimumVisualStudioVersion = 10.0.40219.1
Project("{9A19103F-16F7-4668-BE54-9A1E7A4F7556}") = "Project01_ASP.NET_MVC", "Project01_ASP.NET_MVC\Project01_ASP.NET_MVC.csproj", "{05BC1DC0-F688-4F2F-9AB3-B3F463614838}"
EndProject
Project("{FAE04EC0-301F-11D3-BF4B-00C04F79EFBC}") = "Project01_ASP.NET_MVCTest", "Project01_ASP.NET_MVCTest\Project01_ASP.NET_MVCTest.csproj", "{173BA699-E662-4575-84DA-34235280B805}"
EndProject
Global
	GlobalSection(SolutionConfigurationPlatforms) = preSolution
		Debug|Any CPU = Debug|Any CPU
		Release|Any CPU = Release|Any CPU
	EndGlobalSection
	GlobalSection(ProjectConfigurationPlatforms) = postSolution
		{05BC1DC0-F688-4F2F-9AB3-B3F463614838}.Debug|Any CPU.ActiveCfg = Debug|Any CPU
		{05BC1DC0-F688-4F2F-9AB3-B3F463614838}.Debug|Any CPU.Build.0 = Debug|Any CPU
		{05BC1DC0-F688-4F2F-9AB3-B3F463614838}.Release|Any CPU.ActiveCfg = Release|Any CPU
		{05BC1DC0-F688-4F2F-9AB3-B3F463614838}.Release|Any CPU.Build.0 = Release|Any CPU
		{173BA699-E662-4575-84DA-34235280B805}.Debug|Any CPU.ActiveCfg = Debug|Any CPU
		{173BA699-E662-4575-84DA-34235280B805}.Debug|Any CPU.Build.0 = Debug|Any CPU
		{173BA699-E662-4575-84DA-34235280B805}.Release|Any CPU.ActiveCfg = Release|Any CPU
		{173BA699-E662-4575-84DA-34235280B805}.Release|Any CPU.Build.0 = Release|Any CPU
	EndGlobalSection
	GlobalSection(SolutionProperties) = preSolution
		HideSolutionNode = FALSE
	EndGlobalSection
	GlobalSection(ExtensibilityGlobals) = postSolution
		SolutionGuid = {792F2D40-6D4C-47E3-8132-978D75FE88C4}
	EndGlobalSection
EndGlobal
