
Microsoft Visual Studio Solution File, Format Version 12.00
# Visual Studio Version 16
VisualStudioVersion = 16.0.31205.134
MinimumVisualStudioVersion = 10.0.40219.1
Project("{9A19103F-16F7-4668-BE54-9A1E7A4F7556}") = "Shopping", "Shopping\Shopping.csproj", "{548C8605-89C0-4010-BCF2-20C26388296D}"
EndProject
Project("{FAE04EC0-301F-11D3-BF4B-00C04F79EFBC}") = "Shooping_Test", "Shooping_Test\Shooping_Test.csproj", "{1A5B6625-035C-4B5B-A6B0-9F593A7FAA9E}"
EndProject
Global
	GlobalSection(SolutionConfigurationPlatforms) = preSolution
		Debug|Any CPU = Debug|Any CPU
		Release|Any CPU = Release|Any CPU
	EndGlobalSection
	GlobalSection(ProjectConfigurationPlatforms) = postSolution
		{548C8605-89C0-4010-BCF2-20C26388296D}.Debug|Any CPU.ActiveCfg = Debug|Any CPU
		{548C8605-89C0-4010-BCF2-20C26388296D}.Debug|Any CPU.Build.0 = Debug|Any CPU
		{548C8605-89C0-4010-BCF2-20C26388296D}.Release|Any CPU.ActiveCfg = Release|Any CPU
		{548C8605-89C0-4010-BCF2-20C26388296D}.Release|Any CPU.Build.0 = Release|Any CPU
		{1A5B6625-035C-4B5B-A6B0-9F593A7FAA9E}.Debug|Any CPU.ActiveCfg = Debug|Any CPU
		{1A5B6625-035C-4B5B-A6B0-9F593A7FAA9E}.Debug|Any CPU.Build.0 = Debug|Any CPU
		{1A5B6625-035C-4B5B-A6B0-9F593A7FAA9E}.Release|Any CPU.ActiveCfg = Release|Any CPU
		{1A5B6625-035C-4B5B-A6B0-9F593A7FAA9E}.Release|Any CPU.Build.0 = Release|Any CPU
	EndGlobalSection
	GlobalSection(SolutionProperties) = preSolution
		HideSolutionNode = FALSE
	EndGlobalSection
	GlobalSection(ExtensibilityGlobals) = postSolution
		SolutionGuid = {E3112B46-A5DE-4BB9-B701-1599E5D43C04}
	EndGlobalSection
EndGlobal
