
Microsoft Visual Studio Solution File, Format Version 12.00
Project("{FAE04EC0-301F-11D3-BF4B-00C04F79EFBC}") = "UtilityFunctions", "UtilityFunctions\UtilityFunctions.csproj", "{F67BBEBC-3D4F-478F-A6EE-E637E265D414}"
EndProject
Project("{FAE04EC0-301F-11D3-BF4B-00C04F79EFBC}") = "UtilityFunctionsTests", "UtilityFunctionsTests\UtilityFunctionsTests.csproj", "{B4AF0A73-5878-4979-8691-ACAA586A927B}"
EndProject
Global
	GlobalSection(SolutionConfigurationPlatforms) = preSolution
		Debug|Any CPU = Debug|Any CPU
		Release|Any CPU = Release|Any CPU
	EndGlobalSection
	GlobalSection(ProjectConfigurationPlatforms) = postSolution
		{F67BBEBC-3D4F-478F-A6EE-E637E265D414}.Debug|Any CPU.ActiveCfg = Debug|Any CPU
		{F67BBEBC-3D4F-478F-A6EE-E637E265D414}.Debug|Any CPU.Build.0 = Debug|Any CPU
		{F67BBEBC-3D4F-478F-A6EE-E637E265D414}.Release|Any CPU.ActiveCfg = Release|Any CPU
		{F67BBEBC-3D4F-478F-A6EE-E637E265D414}.Release|Any CPU.Build.0 = Release|Any CPU
		{B4AF0A73-5878-4979-8691-ACAA586A927B}.Debug|Any CPU.ActiveCfg = Debug|Any CPU
		{B4AF0A73-5878-4979-8691-ACAA586A927B}.Debug|Any CPU.Build.0 = Debug|Any CPU
		{B4AF0A73-5878-4979-8691-ACAA586A927B}.Release|Any CPU.ActiveCfg = Release|Any CPU
		{B4AF0A73-5878-4979-8691-ACAA586A927B}.Release|Any CPU.Build.0 = Release|Any CPU
	EndGlobalSection
EndGlobal
