
Microsoft Visual Studio Solution File, Format Version 12.00
# Visual Studio Version 16
VisualStudioVersion = 16.0.809.7
MinimumVisualStudioVersion = 10.0.40219.1
Project("{FAE04EC0-301F-11D3-BF4B-00C04F79EFBC}") = "MVC-DB", "MVC-DB\MVC-DB.csproj", "{8D4B1893-20CA-4880-90AE-E26DEB18C09D}"
EndProject
Project("{FAE04EC0-301F-11D3-BF4B-00C04F79EFBC}") = "MVC-DB-Tests", "MVC-DB-Tests\MVC-DB-Tests.csproj", "{0B6C68DB-145B-457E-A64A-3EF9E74E9246}"
EndProject
Global
	GlobalSection(SolutionConfigurationPlatforms) = preSolution
		Debug|Any CPU = Debug|Any CPU
		Release|Any CPU = Release|Any CPU
	EndGlobalSection
	GlobalSection(ProjectConfigurationPlatforms) = postSolution
		{8D4B1893-20CA-4880-90AE-E26DEB18C09D}.Debug|Any CPU.ActiveCfg = Debug|Any CPU
		{8D4B1893-20CA-4880-90AE-E26DEB18C09D}.Debug|Any CPU.Build.0 = Debug|Any CPU
		{8D4B1893-20CA-4880-90AE-E26DEB18C09D}.Release|Any CPU.ActiveCfg = Release|Any CPU
		{8D4B1893-20CA-4880-90AE-E26DEB18C09D}.Release|Any CPU.Build.0 = Release|Any CPU
		{0B6C68DB-145B-457E-A64A-3EF9E74E9246}.Debug|Any CPU.ActiveCfg = Debug|Any CPU
		{0B6C68DB-145B-457E-A64A-3EF9E74E9246}.Debug|Any CPU.Build.0 = Debug|Any CPU
		{0B6C68DB-145B-457E-A64A-3EF9E74E9246}.Release|Any CPU.ActiveCfg = Release|Any CPU
		{0B6C68DB-145B-457E-A64A-3EF9E74E9246}.Release|Any CPU.Build.0 = Release|Any CPU
	EndGlobalSection
	GlobalSection(SolutionProperties) = preSolution
		HideSolutionNode = FALSE
	EndGlobalSection
	GlobalSection(ExtensibilityGlobals) = postSolution
		SolutionGuid = {E871318B-33EF-48C9-B640-9F4E80A7B25D}
	EndGlobalSection
EndGlobal
