
Microsoft Visual Studio Solution File, Format Version 12.00
# Visual Studio Version 16
VisualStudioVersion = 16.0.809.10
MinimumVisualStudioVersion = 10.0.40219.1
Project("{FAE04EC0-301F-11D3-BF4B-00C04F79EFBC}") = "MVCClcu", "MVCClcu\MVCClcu.csproj", "{3D3E1EAC-53B7-427C-918E-A3878DC85958}"
EndProject
Project("{FAE04EC0-301F-11D3-BF4B-00C04F79EFBC}") = "MVCCluTest", "MVCCluTest\MVCCluTest.csproj", "{4BB4F01C-3AF0-44D2-9E2E-946EE94F3DB5}"
EndProject
Global
	GlobalSection(SolutionConfigurationPlatforms) = preSolution
		Debug|Any CPU = Debug|Any CPU
		Release|Any CPU = Release|Any CPU
	EndGlobalSection
	GlobalSection(ProjectConfigurationPlatforms) = postSolution
		{3D3E1EAC-53B7-427C-918E-A3878DC85958}.Debug|Any CPU.ActiveCfg = Debug|Any CPU
		{3D3E1EAC-53B7-427C-918E-A3878DC85958}.Debug|Any CPU.Build.0 = Debug|Any CPU
		{3D3E1EAC-53B7-427C-918E-A3878DC85958}.Release|Any CPU.ActiveCfg = Release|Any CPU
		{3D3E1EAC-53B7-427C-918E-A3878DC85958}.Release|Any CPU.Build.0 = Release|Any CPU
		{4BB4F01C-3AF0-44D2-9E2E-946EE94F3DB5}.Debug|Any CPU.ActiveCfg = Debug|Any CPU
		{4BB4F01C-3AF0-44D2-9E2E-946EE94F3DB5}.Debug|Any CPU.Build.0 = Debug|Any CPU
		{4BB4F01C-3AF0-44D2-9E2E-946EE94F3DB5}.Release|Any CPU.ActiveCfg = Release|Any CPU
		{4BB4F01C-3AF0-44D2-9E2E-946EE94F3DB5}.Release|Any CPU.Build.0 = Release|Any CPU
	EndGlobalSection
	GlobalSection(SolutionProperties) = preSolution
		HideSolutionNode = FALSE
	EndGlobalSection
	GlobalSection(ExtensibilityGlobals) = postSolution
		SolutionGuid = {56166E2F-C764-4512-8484-FA07E92FAD03}
	EndGlobalSection
EndGlobal
