
Microsoft Visual Studio Solution File, Format Version 12.00
# Visual Studio Version 16
VisualStudioVersion = 16.0.31129.286
MinimumVisualStudioVersion = 10.0.40219.1
Project("{FAE04EC0-301F-11D3-BF4B-00C04F79EFBC}") = "Calculator", "Calculator\Calculator.csproj", "{71AD506A-7739-49C5-9434-37A28490298A}"
EndProject
Project("{FAE04EC0-301F-11D3-BF4B-00C04F79EFBC}") = "CalculatorTest", "CalculatorTest\CalculatorTest.csproj", "{655E0A46-230A-4457-8352-2C64007FE3B7}"
	ProjectSection(ProjectDependencies) = postProject
		{71AD506A-7739-49C5-9434-37A28490298A} = {71AD506A-7739-49C5-9434-37A28490298A}
	EndProjectSection
EndProject
Global
	GlobalSection(SolutionConfigurationPlatforms) = preSolution
		Debug|Any CPU = Debug|Any CPU
		Release|Any CPU = Release|Any CPU
	EndGlobalSection
	GlobalSection(ProjectConfigurationPlatforms) = postSolution
		{71AD506A-7739-49C5-9434-37A28490298A}.Debug|Any CPU.ActiveCfg = Debug|Any CPU
		{71AD506A-7739-49C5-9434-37A28490298A}.Debug|Any CPU.Build.0 = Debug|Any CPU
		{71AD506A-7739-49C5-9434-37A28490298A}.Release|Any CPU.ActiveCfg = Release|Any CPU
		{71AD506A-7739-49C5-9434-37A28490298A}.Release|Any CPU.Build.0 = Release|Any CPU
		{655E0A46-230A-4457-8352-2C64007FE3B7}.Debug|Any CPU.ActiveCfg = Debug|Any CPU
		{655E0A46-230A-4457-8352-2C64007FE3B7}.Debug|Any CPU.Build.0 = Debug|Any CPU
		{655E0A46-230A-4457-8352-2C64007FE3B7}.Release|Any CPU.ActiveCfg = Release|Any CPU
		{655E0A46-230A-4457-8352-2C64007FE3B7}.Release|Any CPU.Build.0 = Release|Any CPU
	EndGlobalSection
	GlobalSection(SolutionProperties) = preSolution
		HideSolutionNode = FALSE
	EndGlobalSection
	GlobalSection(ExtensibilityGlobals) = postSolution
		SolutionGuid = {AC4634DD-5FA1-4F80-9308-751345F86633}
	EndGlobalSection
EndGlobal
