
Microsoft Visual Studio Solution File, Format Version 12.00
# Visual Studio Version 16
VisualStudioVersion = 16.0.31321.278
MinimumVisualStudioVersion = 10.0.40219.1
Project("{FAE04EC0-301F-11D3-BF4B-00C04F79EFBC}") = "Calculator", "Calculator.csproj", "{DFDE33E7-2077-4FCC-97C8-A028DE29D1E1}"
EndProject
Project("{FAE04EC0-301F-11D3-BF4B-00C04F79EFBC}") = "CalculatorTests", "..\CalculatorTests\CalculatorTests.csproj", "{843AC120-56FA-4B4F-A5AA-51C9DAF6EBA1}"
EndProject
Global
	GlobalSection(SolutionConfigurationPlatforms) = preSolution
		Debug|Any CPU = Debug|Any CPU
		Release|Any CPU = Release|Any CPU
	EndGlobalSection
	GlobalSection(ProjectConfigurationPlatforms) = postSolution
		{DFDE33E7-2077-4FCC-97C8-A028DE29D1E1}.Debug|Any CPU.ActiveCfg = Debug|Any CPU
		{DFDE33E7-2077-4FCC-97C8-A028DE29D1E1}.Debug|Any CPU.Build.0 = Debug|Any CPU
		{DFDE33E7-2077-4FCC-97C8-A028DE29D1E1}.Release|Any CPU.ActiveCfg = Release|Any CPU
		{DFDE33E7-2077-4FCC-97C8-A028DE29D1E1}.Release|Any CPU.Build.0 = Release|Any CPU
		{843AC120-56FA-4B4F-A5AA-51C9DAF6EBA1}.Debug|Any CPU.ActiveCfg = Debug|Any CPU
		{843AC120-56FA-4B4F-A5AA-51C9DAF6EBA1}.Debug|Any CPU.Build.0 = Debug|Any CPU
		{843AC120-56FA-4B4F-A5AA-51C9DAF6EBA1}.Release|Any CPU.ActiveCfg = Release|Any CPU
		{843AC120-56FA-4B4F-A5AA-51C9DAF6EBA1}.Release|Any CPU.Build.0 = Release|Any CPU
	EndGlobalSection
	GlobalSection(SolutionProperties) = preSolution
		HideSolutionNode = FALSE
	EndGlobalSection
	GlobalSection(ExtensibilityGlobals) = postSolution
		SolutionGuid = {2A1D8AAF-2CFA-4F6D-8D68-2C3937A240A9}
	EndGlobalSection
EndGlobal
