
Microsoft Visual Studio Solution File, Format Version 12.00
Project("{FAE04EC0-301F-11D3-BF4B-00C04F79EFBC}") = "animeik", "animeik\animeik.csproj", "{E6829B78-71D1-4E14-9FD8-F52219953197}"
EndProject
Project("{FAE04EC0-301F-11D3-BF4B-00C04F79EFBC}") = "TestProject1", "TestProject1\TestProject1.csproj", "{66EF9152-3282-41FF-B47A-3F162E9A7082}"
EndProject
Global
	GlobalSection(SolutionConfigurationPlatforms) = preSolution
		Debug|Any CPU = Debug|Any CPU
		Release|Any CPU = Release|Any CPU
	EndGlobalSection
	GlobalSection(ProjectConfigurationPlatforms) = postSolution
		{E6829B78-71D1-4E14-9FD8-F52219953197}.Debug|Any CPU.ActiveCfg = Debug|Any CPU
		{E6829B78-71D1-4E14-9FD8-F52219953197}.Debug|Any CPU.Build.0 = Debug|Any CPU
		{E6829B78-71D1-4E14-9FD8-F52219953197}.Release|Any CPU.ActiveCfg = Release|Any CPU
		{E6829B78-71D1-4E14-9FD8-F52219953197}.Release|Any CPU.Build.0 = Release|Any CPU
		{66EF9152-3282-41FF-B47A-3F162E9A7082}.Debug|Any CPU.ActiveCfg = Debug|Any CPU
		{66EF9152-3282-41FF-B47A-3F162E9A7082}.Debug|Any CPU.Build.0 = Debug|Any CPU
		{66EF9152-3282-41FF-B47A-3F162E9A7082}.Release|Any CPU.ActiveCfg = Release|Any CPU
		{66EF9152-3282-41FF-B47A-3F162E9A7082}.Release|Any CPU.Build.0 = Release|Any CPU
	EndGlobalSection
EndGlobal
