
Microsoft Visual Studio Solution File, Format Version 12.00
# Visual Studio Version 16
VisualStudioVersion = 16.0.31129.286
MinimumVisualStudioVersion = 10.0.40219.1
Project("{9A19103F-16F7-4668-BE54-9A1E7A4F7556}") = "Shopping", "Shopping\Shopping.csproj", "{015D7F08-F07E-4CED-9DBF-13E9C4E1C390}"
EndProject
Project("{FAE04EC0-301F-11D3-BF4B-00C04F79EFBC}") = "ShoppingTest", "ShoppingTest\ShoppingTest.csproj", "{FF949973-A0E7-4992-9CD8-12BEF0274657}"
EndProject
Global
	GlobalSection(SolutionConfigurationPlatforms) = preSolution
		Debug|Any CPU = Debug|Any CPU
		Release|Any CPU = Release|Any CPU
	EndGlobalSection
	GlobalSection(ProjectConfigurationPlatforms) = postSolution
		{015D7F08-F07E-4CED-9DBF-13E9C4E1C390}.Debug|Any CPU.ActiveCfg = Debug|Any CPU
		{015D7F08-F07E-4CED-9DBF-13E9C4E1C390}.Debug|Any CPU.Build.0 = Debug|Any CPU
		{015D7F08-F07E-4CED-9DBF-13E9C4E1C390}.Release|Any CPU.ActiveCfg = Release|Any CPU
		{015D7F08-F07E-4CED-9DBF-13E9C4E1C390}.Release|Any CPU.Build.0 = Release|Any CPU
		{FF949973-A0E7-4992-9CD8-12BEF0274657}.Debug|Any CPU.ActiveCfg = Debug|Any CPU
		{FF949973-A0E7-4992-9CD8-12BEF0274657}.Debug|Any CPU.Build.0 = Debug|Any CPU
		{FF949973-A0E7-4992-9CD8-12BEF0274657}.Release|Any CPU.ActiveCfg = Release|Any CPU
		{FF949973-A0E7-4992-9CD8-12BEF0274657}.Release|Any CPU.Build.0 = Release|Any CPU
	EndGlobalSection
	GlobalSection(SolutionProperties) = preSolution
		HideSolutionNode = FALSE
	EndGlobalSection
	GlobalSection(ExtensibilityGlobals) = postSolution
		SolutionGuid = {57F53512-9441-4FB6-B805-70652A289722}
	EndGlobalSection
EndGlobal
