
Microsoft Visual Studio Solution File, Format Version 12.00
# Visual Studio Version 16
VisualStudioVersion = 16.0.31313.79
MinimumVisualStudioVersion = 10.0.40219.1
Project("{9A19103F-16F7-4668-BE54-9A1E7A4F7556}") = "Pets", "Pets\Pets.csproj", "{A64F024F-1FB6-47B8-8E1E-1ED8AA611459}"
EndProject
Project("{FAE04EC0-301F-11D3-BF4B-00C04F79EFBC}") = "MyApp.Test", "MyApp.Test\MyApp.Test.csproj", "{872561BE-A41B-4500-977E-5B29FCF97D98}"
EndProject
Global
	GlobalSection(SolutionConfigurationPlatforms) = preSolution
		Debug|Any CPU = Debug|Any CPU
		Release|Any CPU = Release|Any CPU
	EndGlobalSection
	GlobalSection(ProjectConfigurationPlatforms) = postSolution
		{A64F024F-1FB6-47B8-8E1E-1ED8AA611459}.Debug|Any CPU.ActiveCfg = Debug|Any CPU
		{A64F024F-1FB6-47B8-8E1E-1ED8AA611459}.Debug|Any CPU.Build.0 = Debug|Any CPU
		{A64F024F-1FB6-47B8-8E1E-1ED8AA611459}.Release|Any CPU.ActiveCfg = Release|Any CPU
		{A64F024F-1FB6-47B8-8E1E-1ED8AA611459}.Release|Any CPU.Build.0 = Release|Any CPU
		{872561BE-A41B-4500-977E-5B29FCF97D98}.Debug|Any CPU.ActiveCfg = Debug|Any CPU
		{872561BE-A41B-4500-977E-5B29FCF97D98}.Debug|Any CPU.Build.0 = Debug|Any CPU
		{872561BE-A41B-4500-977E-5B29FCF97D98}.Release|Any CPU.ActiveCfg = Release|Any CPU
		{872561BE-A41B-4500-977E-5B29FCF97D98}.Release|Any CPU.Build.0 = Release|Any CPU
	EndGlobalSection
	GlobalSection(SolutionProperties) = preSolution
		HideSolutionNode = FALSE
	EndGlobalSection
	GlobalSection(ExtensibilityGlobals) = postSolution
		SolutionGuid = {6A968621-F5FC-4B25-A6C0-7FAD1B569799}
	EndGlobalSection
EndGlobal
