
Microsoft Visual Studio Solution File, Format Version 12.00
# Visual Studio Version 16
VisualStudioVersion = 16.0.31129.286
MinimumVisualStudioVersion = 10.0.40219.1
Project("{9A19103F-16F7-4668-BE54-9A1E7A4F7556}") = "Books", "Books.csproj", "{768BE220-32BA-44CC-9364-37C85511BDA9}"
EndProject
Project("{FAE04EC0-301F-11D3-BF4B-00C04F79EFBC}") = "BooksTests", "..\BooksTests\BooksTests.csproj", "{63E68246-9361-4A4B-A216-5AA1A5BA99C8}"
EndProject
Global
	GlobalSection(SolutionConfigurationPlatforms) = preSolution
		Debug|Any CPU = Debug|Any CPU
		Release|Any CPU = Release|Any CPU
	EndGlobalSection
	GlobalSection(ProjectConfigurationPlatforms) = postSolution
		{768BE220-32BA-44CC-9364-37C85511BDA9}.Debug|Any CPU.ActiveCfg = Debug|Any CPU
		{768BE220-32BA-44CC-9364-37C85511BDA9}.Debug|Any CPU.Build.0 = Debug|Any CPU
		{768BE220-32BA-44CC-9364-37C85511BDA9}.Release|Any CPU.ActiveCfg = Release|Any CPU
		{768BE220-32BA-44CC-9364-37C85511BDA9}.Release|Any CPU.Build.0 = Release|Any CPU
		{63E68246-9361-4A4B-A216-5AA1A5BA99C8}.Debug|Any CPU.ActiveCfg = Debug|Any CPU
		{63E68246-9361-4A4B-A216-5AA1A5BA99C8}.Debug|Any CPU.Build.0 = Debug|Any CPU
		{63E68246-9361-4A4B-A216-5AA1A5BA99C8}.Release|Any CPU.ActiveCfg = Release|Any CPU
		{63E68246-9361-4A4B-A216-5AA1A5BA99C8}.Release|Any CPU.Build.0 = Release|Any CPU
	EndGlobalSection
	GlobalSection(SolutionProperties) = preSolution
		HideSolutionNode = FALSE
	EndGlobalSection
	GlobalSection(ExtensibilityGlobals) = postSolution
		SolutionGuid = {C454DEFB-AE1D-413D-8E2E-26D21BC1B0E3}
	EndGlobalSection
EndGlobal
